
Microsoft Visual Studio Solution File, Format Version 12.00
# Visual Studio Version 17
VisualStudioVersion = 17.3.32929.385
MinimumVisualStudioVersion = 10.0.40219.1
Project("{FAE04EC0-301F-11D3-BF4B-00C04F79EFBC}") = "WpfApp_HomeWork19", "WpfApp_HomeWork19\WpfApp_HomeWork19.csproj", "{D64CEED4-C720-4EDB-ACFC-B2EEE5F48E03}"
EndProject
Global
	GlobalSection(SolutionConfigurationPlatforms) = preSolution
		Debug|Any CPU = Debug|Any CPU
		Release|Any CPU = Release|Any CPU
	EndGlobalSection
	GlobalSection(ProjectConfigurationPlatforms) = postSolution
		{D64CEED4-C720-4EDB-ACFC-B2EEE5F48E03}.Debug|Any CPU.ActiveCfg = Debug|Any CPU
		{D64CEED4-C720-4EDB-ACFC-B2EEE5F48E03}.Debug|Any CPU.Build.0 = Debug|Any CPU
		{D64CEED4-C720-4EDB-ACFC-B2EEE5F48E03}.Release|Any CPU.ActiveCfg = Release|Any CPU
		{D64CEED4-C720-4EDB-ACFC-B2EEE5F48E03}.Release|Any CPU.Build.0 = Release|Any CPU
	EndGlobalSection
	GlobalSection(SolutionProperties) = preSolution
		HideSolutionNode = FALSE
	EndGlobalSection
	GlobalSection(ExtensibilityGlobals) = postSolution
		SolutionGuid = {F262C59E-4772-493E-8757-B26C6DD6747E}
	EndGlobalSection
EndGlobal
